
Microsoft Visual Studio Solution File, Format Version 12.00
# Visual Studio Version 17
VisualStudioVersion = 17.6.33801.468
MinimumVisualStudioVersion = 10.0.40219.1
Project("{FAE04EC0-301F-11D3-BF4B-00C04F79EFBC}") = "NathBucks", "NathBucks\NathBucks.csproj", "{3FE020C7-A080-49E2-9294-1A6FD077D3FB}"
EndProject
Global
	GlobalSection(SolutionConfigurationPlatforms) = preSolution
		Debug|Any CPU = Debug|Any CPU
		Release|Any CPU = Release|Any CPU
	EndGlobalSection
	GlobalSection(ProjectConfigurationPlatforms) = postSolution
		{3FE020C7-A080-49E2-9294-1A6FD077D3FB}.Debug|Any CPU.ActiveCfg = Debug|Any CPU
		{3FE020C7-A080-49E2-9294-1A6FD077D3FB}.Debug|Any CPU.Build.0 = Debug|Any CPU
		{3FE020C7-A080-49E2-9294-1A6FD077D3FB}.Release|Any CPU.ActiveCfg = Release|Any CPU
		{3FE020C7-A080-49E2-9294-1A6FD077D3FB}.Release|Any CPU.Build.0 = Release|Any CPU
	EndGlobalSection
	GlobalSection(SolutionProperties) = preSolution
		HideSolutionNode = FALSE
	EndGlobalSection
	GlobalSection(ExtensibilityGlobals) = postSolution
		SolutionGuid = {737435F8-ECB1-40DF-95FB-05ED8CF72B51}
	EndGlobalSection
EndGlobal
